<?xml version="1.0" encoding="utf-8"?>
<Project ToolsVersion="4.0" xmlns="http://schemas.microsoft.com/developer/msbuild/2003">
  <ItemGroup>
    <Filter Include="源文件">
      <UniqueIdentifier>{4FC737F1-C7A5-4376-A066-2A32D752A2FF}</UniqueIdentifier>
      <Extensions>cpp;c;cc;cxx;c++;cppm;ixx;def;odl;idl;hpj;bat;asm;asmx</Extensions>
    </Filter>
    <Filter Include="头文件">
      <UniqueIdentifier>{93995380-89BD-4b04-88EB-625FBE52EBFB}</UniqueIdentifier>
      <Extensions>h;hh;hpp;hxx;h++;hm;inl;inc;ipp;xsd</Extensions>
    </Filter>
    <Filter Include="资源文件">
      <UniqueIdentifier>{67DA6AB6-F800-4c08-8B7A-83BB121AAD01}</UniqueIdentifier>
      <Extensions>rc;ico;cur;bmp;dlg;rc2;rct;bin;rgs;gif;jpg;jpeg;jpe;resx;tiff;tif;png;wav;mfcribbon-ms</Extensions>
    </Filter>
    <Filter Include="源文件\shader">
      <UniqueIdentifier>{21f2cf2f-51e4-4b54-9afd-24771e3f79ce}</UniqueIdentifier>
    </Filter>
    <Filter Include="源文件\asset">
      <UniqueIdentifier>{6188525a-f0cb-4958-a6f3-219d28840089}</UniqueIdentifier>
    </Filter>
  </ItemGroup>
  <ItemGroup>
    <ClCompile Include="PbrGl.cpp">
      <Filter>源文件</Filter>
    </ClCompile>
    <ClCompile Include="third-party\glad\src\glad.c">
      <Filter>源文件</Filter>
    </ClCompile>
    <ClCompile Include="camera.cpp">
      <Filter>源文件</Filter>
    </ClCompile>
    <ClCompile Include="framebuffer.cpp">
      <Filter>源文件</Filter>
    </ClCompile>
    <ClCompile Include="model.cpp">
      <Filter>源文件</Filter>
    </ClCompile>
    <ClCompile Include="program.cpp">
      <Filter>源文件</Filter>
    </ClCompile>
    <ClCompile Include="texture.cpp">
      <Filter>源文件</Filter>
    </ClCompile>
    <ClCompile Include="skybox.cpp">
      <Filter>源文件</Filter>
    </ClCompile>
    <ClCompile Include="shadowPass.cpp">
      <Filter>源文件</Filter>
    </ClCompile>
    <ClCompile Include="colorPass.cpp">
      <Filter>源文件</Filter>
    </ClCompile>
    <ClCompile Include="gaussianBlurPass.cpp">
      <Filter>源文件</Filter>
    </ClCompile>
  </ItemGroup>
  <ItemGroup>
    <ClInclude Include="camera.h">
      <Filter>源文件</Filter>
    </ClInclude>
    <ClInclude Include="common.hpp">
      <Filter>源文件</Filter>
    </ClInclude>
    <ClInclude Include="framebuffer.h">
      <Filter>源文件</Filter>
    </ClInclude>
    <ClInclude Include="model.h">
      <Filter>源文件</Filter>
    </ClInclude>
    <ClInclude Include="program.h">
      <Filter>源文件</Filter>
    </ClInclude>
    <ClInclude Include="texture.h">
      <Filter>源文件</Filter>
    </ClInclude>
    <ClInclude Include="skybox.h">
      <Filter>源文件</Filter>
    </ClInclude>
    <ClInclude Include="shadowPass.h">
      <Filter>源文件</Filter>
    </ClInclude>
    <ClInclude Include="colorPass.h">
      <Filter>源文件</Filter>
    </ClInclude>
    <ClInclude Include="gaussianBlurPass.h">
      <Filter>源文件</Filter>
    </ClInclude>
  </ItemGroup>
  <ItemGroup>
    <None Include="asset\su7.glb">
      <Filter>源文件\asset</Filter>
    </None>
    <None Include="shader\SimpleFragment.glsl">
      <Filter>源文件\shader</Filter>
    </None>
    <None Include="shader\SimpleVertex.glsl">
      <Filter>源文件\shader</Filter>
    </None>
    <None Include="shader\pbrFragment.glsl">
      <Filter>源文件\shader</Filter>
    </None>
    <None Include="shader\pbrVertex.glsl">
      <Filter>源文件\shader</Filter>
    </None>
    <None Include="shader\skyboxFragment.glsl">
      <Filter>源文件\shader</Filter>
    </None>
    <None Include="shader\skyboxVertex.glsl">
      <Filter>源文件\shader</Filter>
    </None>
    <None Include="shader\gaussianBlurFragment.glsl">
      <Filter>源文件\shader</Filter>
    </None>
    <None Include="shader\gaussianBlurVertex.glsl">
      <Filter>源文件\shader</Filter>
    </None>
    <None Include="shader\shadowDepthFragment.glsl">
      <Filter>源文件\shader</Filter>
    </None>
    <None Include="shader\shadowDepthVertex.glsl">
      <Filter>源文件\shader</Filter>
    </None>
    <None Include="shader\unLightFragment.glsl">
      <Filter>源文件\shader</Filter>
    </None>
    <None Include="shader\unLightVertex.glsl">
      <Filter>源文件\shader</Filter>
    </None>
  </ItemGroup>
</Project>